// !$*UTF8*$!
{
	archiveVersion = 1;
	classes = {
	};
	objectVersion = 46;
	objects = {

/* Begin PBXBuildFile section */
		27C751CF1CE9FF57004DBCCF /* AppDelegate.swift in Sources */ = {isa = PBXBuildFile; fileRef = 27C751CE1CE9FF57004DBCCF /* AppDelegate.swift */; };
		27C751D11CE9FF57004DBCCF /* ViewController.swift in Sources */ = {isa = PBXBuildFile; fileRef = 27C751D01CE9FF57004DBCCF /* ViewController.swift */; };
		27C751D41CE9FF57004DBCCF /* Main.storyboard in Resources */ = {isa = PBXBuildFile; fileRef = 27C751D21CE9FF57004DBCCF /* Main.storyboard */; };
		27C751D61CE9FF57004DBCCF /* Assets.xcassets in Resources */ = {isa = PBXBuildFile; fileRef = 27C751D51CE9FF57004DBCCF /* Assets.xcassets */; };
		27C751D91CE9FF57004DBCCF /* LaunchScreen.storyboard in Resources */ = {isa = PBXBuildFile; fileRef = 27C751D71CE9FF57004DBCCF /* LaunchScreen.storyboard */; };
		27D688EE1CECF33F00EC5CF5 /* CalculatorBrain.swift in Sources */ = {isa = PBXBuildFile; fileRef = 27D688ED1CECF33F00EC5CF5 /* CalculatorBrain.swift */; };
/* End PBXBuildFile section */

/* Begin PBXFileReference section */
		27C751CB1CE9FF57004DBCCF /* Calculator.app */ = {isa = PBXFileReference; explicitFileType = wrapper.application; includeInIndex = 0; path = Calculator.app; sourceTree = BUILT_PRODUCTS_DIR; };
		27C751CE1CE9FF57004DBCCF /* AppDelegate.swift */ = {isa = PBXFileReference; lastKnownFileType = sourcecode.swift; path = AppDelegate.swift; sourceTree = "<group>"; };
		27C751D01CE9FF57004DBCCF /* ViewController.swift */ = {isa = PBXFileReference; lastKnownFileType = sourcecode.swift; path = ViewController.swift; sourceTree = "<group>"; };
		27C751D31CE9FF57004DBCCF /* Base */ = {isa = PBXFileReference; lastKnownFileType = file.storyboard; name = Base; path = Base.lproj/Main.storyboard; sourceTree = "<group>"; };
		27C751D51CE9FF57004DBCCF /* Assets.xcassets */ = {isa = PBXFileReference; lastKnownFileType = folder.assetcatalog; path = Assets.xcassets; sourceTree = "<group>"; };
		27C751D81CE9FF57004DBCCF /* Base */ = {isa = PBXFileReference; lastKnownFileType = file.storyboard; name = Base; path = Base.lproj/LaunchScreen.storyboard; sourceTree = "<group>"; };
		27C751DA1CE9FF57004DBCCF /* Info.plist */ = {isa = PBXFileReference; lastKnownFileType = text.plist.xml; path = Info.plist; sourceTree = "<group>"; };
		27D688ED1CECF33F00EC5CF5 /* CalculatorBrain.swift */ = {isa = PBXFileReference; fileEncoding = 4; lastKnownFileType = sourcecode.swift; path = CalculatorBrain.swift; sourceTree = "<group>"; };
/* End PBXFileReference section */

/* Begin PBXFrameworksBuildPhase section */
		27C751C81CE9FF57004DBCCF /* Frameworks */ = {
			isa = PBXFrameworksBuildPhase;
			buildActionMask = 2147483647;
			files = (
			);
			runOnlyForDeploymentPostprocessing = 0;
		};
/* End PBXFrameworksBuildPhase section */

/* Begin PBXGroup section */
		27C751C21CE9FF57004DBCCF = {
			isa = PBXGroup;
			children = (
				27C751CD1CE9FF57004DBCCF /* Calculator */,
				27C751CC1CE9FF57004DBCCF /* Products */,
			);
			sourceTree = "<group>";
		};
		27C751CC1CE9FF57004DBCCF /* Products */ = {
			isa = PBXGroup;
			children = (
				27C751CB1CE9FF57004DBCCF /* Calculator.app */,
			);
			name = Products;
			sourceTree = "<group>";
		};
		27C751CD1CE9FF57004DBCCF /* Calculator */ = {
			isa = PBXGroup;
			children = (
				27C751E01CEA0171004DBCCF /* Supporting Files */,
				27C751D01CE9FF57004DBCCF /* ViewController.swift */,
				27D688ED1CECF33F00EC5CF5 /* CalculatorBrain.swift */,
				27C751D21CE9FF57004DBCCF /* Main.storyboard */,
			);
			path = Calculator;
			sourceTree = "<group>";
		};
		27C751E01CEA0171004DBCCF /* Supporting Files */ = {
			isa = PBXGroup;
			children = (
				27C751D71CE9FF57004DBCCF /* LaunchScreen.storyboard */,
				27C751D51CE9FF57004DBCCF /* Assets.xcassets */,
				27C751DA1CE9FF57004DBCCF /* Info.plist */,
				27C751CE1CE9FF57004DBCCF /* AppDelegate.swift */,
			);
			name = "Supporting Files";
			sourceTree = "<group>";
		};
/* End PBXGroup section */

/* Begin PBXNativeTarget section */
		27C751CA1CE9FF57004DBCCF /* Calculator */ = {
			isa = PBXNativeTarget;
			buildConfigurationList = 27C751DD1CE9FF57004DBCCF /* Build configuration list for PBXNativeTarget "Calculator" */;
			buildPhases = (
				27C751C71CE9FF57004DBCCF /* Sources */,
				27C751C81CE9FF57004DBCCF /* Frameworks */,
				27C751C91CE9FF57004DBCCF /* Resources */,
			);
			buildRules = (
			);
			dependencies = (
			);
			name = Calculator;
			productName = Calculator;
			productReference = 27C751CB1CE9FF57004DBCCF /* Calculator.app */;
			productType = "com.apple.product-type.application";
		};
/* End PBXNativeTarget section */

/* Begin PBXProject section */
		27C751C31CE9FF57004DBCCF /* Project object */ = {
			isa = PBXProject;
			attributes = {
				LastSwiftUpdateCheck = 0720;
				LastUpgradeCheck = 0720;
				ORGANIZATIONNAME = MichaelSchlosser;
				TargetAttributes = {
					27C751CA1CE9FF57004DBCCF = {
						CreatedOnToolsVersion = 7.2.1;
						DevelopmentTeam = V7V3CE4RV9;
					};
				};
			};
			buildConfigurationList = 27C751C61CE9FF57004DBCCF /* Build configuration list for PBXProject "Calculator" */;
			compatibilityVersion = "Xcode 3.2";
			developmentRegion = English;
			hasScannedForEncodings = 0;
			knownRegions = (
				en,
				Base,
			);
			mainGroup = 27C751C21CE9FF57004DBCCF;
			productRefGroup = 27C751CC1CE9FF57004DBCCF /* Products */;
			projectDirPath = "";
			projectRoot = "";
			targets = (
				27C751CA1CE9FF57004DBCCF /* Calculator */,
			);
		};
/* End PBXProject section */

/* Begin PBXResourcesBuildPhase section */
		27C751C91CE9FF57004DBCCF /* Resources */ = {
			isa = PBXResourcesBuildPhase;
			buildActionMask = 2147483647;
			files = (
				27C751D91CE9FF57004DBCCF /* LaunchScreen.storyboard in Resources */,
				27C751D61CE9FF57004DBCCF /* Assets.xcassets in Resources */,
				27C751D41CE9FF57004DBCCF /* Main.storyboard in Resources */,
			);
			runOnlyForDeploymentPostprocessing = 0;
		};
/* End PBXResourcesBuildPhase section */

/* Begin PBXSourcesBuildPhase section */
		27C751C71CE9FF57004DBCCF /* Sources */ = {
			isa = PBXSourcesBuildPhase;
			buildActionMask = 2147483647;
			files = (
				27D688EE1CECF33F00EC5CF5 /* CalculatorBrain.swift in Sources */,
				27C751D11CE9FF57004DBCCF /* ViewController.swift in Sources */,
				27C751CF1CE9FF57004DBCCF /* AppDelegate.swift in Sources */,
			);
			runOnlyForDeploymentPostprocessing = 0;
		};
/* End PBXSourcesBuildPhase section */

/* Begin PBXVariantGroup section */
		27C751D21CE9FF57004DBCCF /* Main.storyboard */ = {
			isa = PBXVariantGroup;
			children = (
				27C751D31CE9FF57004DBCCF /* Base */,
			);
			name = Main.storyboard;
			sourceTree = "<group>";
		};
		27C751D71CE9FF57004DBCCF /* LaunchScreen.storyboard */ = {
			isa = PBXVariantGroup;
			children = (
				27C751D81CE9FF57004DBCCF /* Base */,
			);
			name = LaunchScreen.storyboard;
			sourceTree = "<group>";
		};
/* End PBXVariantGroup section */

/* Begin XCBuildConfiguration section */
		27C751DB1CE9FF57004DBCCF /* Debug */ = {
			isa = XCBuildConfiguration;
			buildSettings = {
				ALWAYS_SEARCH_USER_PATHS = NO;
				CLANG_CXX_LANGUAGE_STANDARD = "gnu++0x";
				CLANG_CXX_LIBRARY = "libc++";
				CLANG_ENABLE_MODULES = YES;
				CLANG_ENABLE_OBJC_ARC = YES;
				CLANG_WARN_BOOL_CONVERSION = YES;
				CLANG_WARN_CONSTANT_CONVERSION = YES;
				CLANG_WARN_DIRECT_OBJC_ISA_USAGE = YES_ERROR;
				CLANG_WARN_EMPTY_BODY = YES;
				CLANG_WARN_ENUM_CONVERSION = YES;
				CLANG_WARN_INT_CONVERSION = YES;
				CLANG_WARN_OBJC_ROOT_CLASS = YES_ERROR;
				CLANG_WARN_UNREACHABLE_CODE = YES;
				CLANG_WARN__DUPLICATE_METHOD_MATCH = YES;
				"CODE_SIGN_IDENTITY[sdk=iphoneos*]" = "iPhone Developer";
				COPY_PHASE_STRIP = NO;
				DEBUG_INFORMATION_FORMAT = dwarf;
				ENABLE_STRICT_OBJC_MSGSEND = YES;
				ENABLE_TESTABILITY = YES;
				GCC_C_LANGUAGE_STANDARD = gnu99;
				GCC_DYNAMIC_NO_PIC = NO;
				GCC_NO_COMMON_BLOCKS = YES;
				GCC_OPTIMIZATION_LEVEL = 0;
				GCC_PREPROCESSOR_DEFINITIONS = (
					"DEBUG=1",
					"$(inherited)",
				);
				GCC_WARN_64_TO_32_BIT_CONVERSION = YES;
				GCC_WARN_ABOUT_RETURN_TYPE = YES_ERROR;
				GCC_WARN_UNDECLARED_SELECTOR = YES;
				GCC_WARN_UNINITIALIZED_AUTOS = YES_AGGRESSIVE;
				GCC_WARN_UNUSED_FUNCTION = YES;
				GCC_WARN_UNUSED_VARIABLE = YES;
				IPHONEOS_DEPLOYMENT_TARGET = 9.2;
				MTL_ENABLE_DEBUG_INFO = YES;
				ONLY_ACTIVE_ARCH = YES;
				SDKROOT = iphoneos;
				SWIFT_OPTIMIZATION_LEVEL = "-Onone";
				TARGETED_DEVICE_FAMILY = "1,2";
			};
			name = Debug;
		};
		27C751DC1CE9FF57004DBCCF /* Release */ = {
			isa = XCBuildConfiguration;
			buildSettings = {
				ALWAYS_SEARCH_USER_PATHS = NO;
				CLANG_CXX_LANGUAGE_STANDARD = "gnu++0x";
				CLANG_CXX_LIBRARY = "libc++";
				CLANG_ENABLE_MODULES = YES;
				CLANG_ENABLE_OBJC_ARC = YES;
				CLANG_WARN_BOOL_CONVERSION = YES;
				CLANG_WARN_CONSTANT_CONVERSION = YES;
				CLANG_WARN_DIRECT_OBJC_ISA_USAGE = YES_ERROR;
				CLANG_WARN_EMPTY_BODY = YES;
				CLANG_WARN_ENUM_CONVERSION = YES;
				CLANG_WARN_INT_CONVERSION = YES;
				CLANG_WARN_OBJC_ROOT_CLASS = YES_ERROR;
				CLANG_WARN_UNREACHABLE_CODE = YES;
				CLANG_WARN__DUPLICATE_METHOD_MATCH = YES;
				"CODE_SIGN_IDENTITY[sdk=iphoneos*]" = "iPhone Developer";
				COPY_PHASE_STRIP = NO;
				DEBUG_INFORMATION_FORMAT = "dwarf-with-dsym";
				ENABLE_NS_ASSERTIONS = NO;
				ENABLE_STRICT_OBJC_MSGSEND = YES;
				GCC_C_LANGUAGE_STANDARD = gnu99;
				GCC_NO_COMMON_BLOCKS = YES;
				GCC_WARN_64_TO_32_BIT_CONVERSION = YES;
				GCC_WARN_ABOUT_RETURN_TYPE = YES_ERROR;
				GCC_WARN_UNDECLARED_SELECTOR = YES;
				GCC_WARN_UNINITIALIZED_AUTOS = YES_AGGRESSIVE;
				GCC_WARN_UNUSED_FUNCTION = YES;
				GCC_WARN_UNUSED_VARIABLE = YES;
				IPHONEOS_DEPLOYMENT_TARGET = 9.2;
				MTL_ENABLE_DEBUG_INFO = NO;
				SDKROOT = iphoneos;
				TARGETED_DEVICE_FAMILY = "1,2";
				VALIDATE_PRODUCT = YES;
			};
			name = Release;
		};
		27C751DE1CE9FF57004DBCCF /* Debug */ = {
			isa = XCBuildConfiguration;
			buildSettings = {
				ASSETCATALOG_COMPILER_APPICON_NAME = AppIcon;
				CODE_SIGN_IDENTITY = "iPhone Developer";
				"CODE_SIGN_IDENTITY[sdk=iphoneos*]" = "iPhone Developer";
				INFOPLIST_FILE = Calculator/Info.plist;
				LD_RUNPATH_SEARCH_PATHS = "$(inherited) @executable_path/Frameworks";
				PRODUCT_BUNDLE_IDENTIFIER = edu.umn.d.schlo201.Calculator;
				PRODUCT_NAME = "$(TARGET_NAME)";
				PROVISIONING_PROFILE = "";
			};
			name = Debug;
		};
		27C751DF1CE9FF57004DBCCF /* Release */ = {
			isa = XCBuildConfiguration;
			buildSettings = {
				ASSETCATALOG_COMPILER_APPICON_NAME = AppIcon;
				CODE_SIGN_IDENTITY = "iPhone Developer";
				"CODE_SIGN_IDENTITY[sdk=iphoneos*]" = "iPhone Developer";
				INFOPLIST_FILE = Calculator/Info.plist;
				LD_RUNPATH_SEARCH_PATHS = "$(inherited) @executable_path/Frameworks";
				PRODUCT_BUNDLE_IDENTIFIER = edu.umn.d.schlo201.Calculator;
				PRODUCT_NAME = "$(TARGET_NAME)";
				PROVISIONING_PROFILE = "";
			};
			name = Release;
		};
/* End XCBuildConfiguration section */

/* Begin XCConfigurationList section */
		27C751C61CE9FF57004DBCCF /* Build configuration list for PBXProject "Calculator" */ = {
			isa = XCConfigurationList;
			buildConfigurations = (
				27C751DB1CE9FF57004DBCCF /* Debug */,
				27C751DC1CE9FF57004DBCCF /* Release */,
			);
			defaultConfigurationIsVisible = 0;
			defaultConfigurationName = Release;
		};
		27C751DD1CE9FF57004DBCCF /* Build configuration list for PBXNativeTarget "Calculator" */ = {
			isa = XCConfigurationList;
			buildConfigurations = (
				27C751DE1CE9FF57004DBCCF /* Debug */,
				27C751DF1CE9FF57004DBCCF /* Release */,
			);
			defaultConfigurationIsVisible = 0;
			defaultConfigurationName = Release;
		};
/* End XCConfigurationList section */
	};
	rootObject = 27C751C31CE9FF57004DBCCF /* Project object */;
}
